
Microsoft Visual Studio Solution File, Format Version 12.00
# Visual Studio Version 17
VisualStudioVersion = 17.0.31903.59
MinimumVisualStudioVersion = 10.0.40219.1
Project("{F2A71F9B-5D33-465A-A702-920D77279786}") = "day01", "day01\day01.fsproj", "{419B7C06-3EE9-4983-A480-097DEA3D201A}"
EndProject
Project("{F2A71F9B-5D33-465A-A702-920D77279786}") = "day02", "day02\day02.fsproj", "{1311AFDD-08B5-4315-BF70-886D29F581EA}"
EndProject
Project("{F2A71F9B-5D33-465A-A702-920D77279786}") = "day03", "day03\day03.fsproj", "{D7A0FDD0-C99C-4990-BD6F-FE6A627F98D9}"
EndProject
Project("{F2A71F9B-5D33-465A-A702-920D77279786}") = "day04", "day04\day04.fsproj", "{037454E7-FF68-4B6B-98FE-DE1C1C0968CB}"
EndProject
Global
	GlobalSection(SolutionConfigurationPlatforms) = preSolution
		Debug|Any CPU = Debug|Any CPU
		Release|Any CPU = Release|Any CPU
	EndGlobalSection
	GlobalSection(SolutionProperties) = preSolution
		HideSolutionNode = FALSE
	EndGlobalSection
	GlobalSection(ProjectConfigurationPlatforms) = postSolution
		{419B7C06-3EE9-4983-A480-097DEA3D201A}.Debug|Any CPU.ActiveCfg = Debug|Any CPU
		{419B7C06-3EE9-4983-A480-097DEA3D201A}.Debug|Any CPU.Build.0 = Debug|Any CPU
		{419B7C06-3EE9-4983-A480-097DEA3D201A}.Release|Any CPU.ActiveCfg = Release|Any CPU
		{419B7C06-3EE9-4983-A480-097DEA3D201A}.Release|Any CPU.Build.0 = Release|Any CPU
		{1311AFDD-08B5-4315-BF70-886D29F581EA}.Debug|Any CPU.ActiveCfg = Debug|Any CPU
		{1311AFDD-08B5-4315-BF70-886D29F581EA}.Debug|Any CPU.Build.0 = Debug|Any CPU
		{1311AFDD-08B5-4315-BF70-886D29F581EA}.Release|Any CPU.ActiveCfg = Release|Any CPU
		{1311AFDD-08B5-4315-BF70-886D29F581EA}.Release|Any CPU.Build.0 = Release|Any CPU
		{D7A0FDD0-C99C-4990-BD6F-FE6A627F98D9}.Debug|Any CPU.ActiveCfg = Debug|Any CPU
		{D7A0FDD0-C99C-4990-BD6F-FE6A627F98D9}.Debug|Any CPU.Build.0 = Debug|Any CPU
		{D7A0FDD0-C99C-4990-BD6F-FE6A627F98D9}.Release|Any CPU.ActiveCfg = Release|Any CPU
		{D7A0FDD0-C99C-4990-BD6F-FE6A627F98D9}.Release|Any CPU.Build.0 = Release|Any CPU
		{037454E7-FF68-4B6B-98FE-DE1C1C0968CB}.Debug|Any CPU.ActiveCfg = Debug|Any CPU
		{037454E7-FF68-4B6B-98FE-DE1C1C0968CB}.Debug|Any CPU.Build.0 = Debug|Any CPU
		{037454E7-FF68-4B6B-98FE-DE1C1C0968CB}.Release|Any CPU.ActiveCfg = Release|Any CPU
		{037454E7-FF68-4B6B-98FE-DE1C1C0968CB}.Release|Any CPU.Build.0 = Release|Any CPU
	EndGlobalSection
EndGlobal
