
Microsoft Visual Studio Solution File, Format Version 12.00
# Visual Studio Version 17
VisualStudioVersion = 17.0.31903.59
MinimumVisualStudioVersion = 10.0.40219.1
Project("{F2A71F9B-5D33-465A-A702-920D77279786}") = "day01", "day01\day01.fsproj", "{419B7C06-3EE9-4983-A480-097DEA3D201A}"
EndProject
Project("{F2A71F9B-5D33-465A-A702-920D77279786}") = "day02", "day02\day02.fsproj", "{1311AFDD-08B5-4315-BF70-886D29F581EA}"
EndProject
Project("{F2A71F9B-5D33-465A-A702-920D77279786}") = "day03", "day03\day03.fsproj", "{D7A0FDD0-C99C-4990-BD6F-FE6A627F98D9}"
EndProject
Project("{F2A71F9B-5D33-465A-A702-920D77279786}") = "day04", "day04\day04.fsproj", "{037454E7-FF68-4B6B-98FE-DE1C1C0968CB}"
EndProject
Project("{F2A71F9B-5D33-465A-A702-920D77279786}") = "day05", "day05\day05.fsproj", "{67B0616E-103A-40F3-B679-B812BA845B28}"
EndProject
Project("{F2A71F9B-5D33-465A-A702-920D77279786}") = "day06", "day06\day06.fsproj", "{B9A15350-DF7C-4821-885F-25BA2FE7332B}"
EndProject
Project("{F2A71F9B-5D33-465A-A702-920D77279786}") = "day07", "day07\day07.fsproj", "{E7063E38-73C8-446C-ACE6-0DB7EAC820CA}"
EndProject
Project("{F2A71F9B-5D33-465A-A702-920D77279786}") = "day08", "day08\day08.fsproj", "{E95CE963-EE10-4F0A-8BFF-9648293C1C78}"
EndProject
Project("{F2A71F9B-5D33-465A-A702-920D77279786}") = "day09", "day09\day09.fsproj", "{1239476E-F1BA-456A-9B56-7EA011226B16}"
EndProject
Project("{F2A71F9B-5D33-465A-A702-920D77279786}") = "day10", "day10\day10.fsproj", "{A8636FE1-A749-4BEF-BB93-62FF4683E68A}"
EndProject
Project("{F2A71F9B-5D33-465A-A702-920D77279786}") = "day11", "day11\day11.fsproj", "{4EA364D8-750F-4911-BE9A-20B7D31D3D06}"
EndProject
Project("{F2A71F9B-5D33-465A-A702-920D77279786}") = "day12", "day12\day12.fsproj", "{25EE5E83-A0E1-40E0-8AA7-41A3A9F881E6}"
EndProject
Project("{F2A71F9B-5D33-465A-A702-920D77279786}") = "day13", "day13\day13.fsproj", "{B3B3DAE5-919D-4F8C-B376-461BA577FE7A}"
EndProject
Project("{F2A71F9B-5D33-465A-A702-920D77279786}") = "day14", "day14\day14.fsproj", "{60AE795A-32EA-45F6-8EAB-2F0A3AE79DEF}"
EndProject
Project("{F2A71F9B-5D33-465A-A702-920D77279786}") = "day15", "day15\day15.fsproj", "{CC37C11D-4035-4F8E-9A86-DDE1E33B7A73}"
EndProject
Project("{F2A71F9B-5D33-465A-A702-920D77279786}") = "day16", "day16\day16.fsproj", "{E20F034A-2D37-49A0-A66B-12C7219F83C2}"
EndProject
Project("{F2A71F9B-5D33-465A-A702-920D77279786}") = "day18", "day18\day18.fsproj", "{2A93D865-A4F0-420E-9E7F-50FA87D3D12A}"
EndProject
Project("{F2A71F9B-5D33-465A-A702-920D77279786}") = "day17", "day17\day17.fsproj", "{3016ED74-CA7A-4B2C-89B2-CFE5A052A871}"
EndProject
Project("{F2A71F9B-5D33-465A-A702-920D77279786}") = "day19", "day19\day19.fsproj", "{2EA35493-F619-4DA7-B076-3718F7818FB4}"
EndProject
Project("{F2A71F9B-5D33-465A-A702-920D77279786}") = "day20", "day20\day20.fsproj", "{CF7BEBA2-8765-4353-A7E5-7F9B32E21F61}"
EndProject
Project("{F2A71F9B-5D33-465A-A702-920D77279786}") = "day21", "day21\day21.fsproj", "{F6EF76C5-A874-4C50-AE0E-CA1455C2F4DE}"
EndProject
Project("{F2A71F9B-5D33-465A-A702-920D77279786}") = "day22", "day22\day22.fsproj", "{C894BA30-EE48-4AC0-B026-842A18796D89}"
EndProject
Project("{F2A71F9B-5D33-465A-A702-920D77279786}") = "day23", "day23\day23.fsproj", "{DF2422DC-128E-48ED-A710-019EF301F583}"
EndProject
Project("{F2A71F9B-5D33-465A-A702-920D77279786}") = "day24", "day24\day24.fsproj", "{9CA75972-9767-4882-9871-61C91917AD8D}"
EndProject
Project("{F2A71F9B-5D33-465A-A702-920D77279786}") = "day25", "day25\day25.fsproj", "{68A89202-D9C1-45BB-9089-3F90C43DBC31}"
EndProject
Global
	GlobalSection(SolutionConfigurationPlatforms) = preSolution
		Debug|Any CPU = Debug|Any CPU
		Release|Any CPU = Release|Any CPU
	EndGlobalSection
	GlobalSection(SolutionProperties) = preSolution
		HideSolutionNode = FALSE
	EndGlobalSection
	GlobalSection(ProjectConfigurationPlatforms) = postSolution
		{419B7C06-3EE9-4983-A480-097DEA3D201A}.Debug|Any CPU.ActiveCfg = Debug|Any CPU
		{419B7C06-3EE9-4983-A480-097DEA3D201A}.Debug|Any CPU.Build.0 = Debug|Any CPU
		{419B7C06-3EE9-4983-A480-097DEA3D201A}.Release|Any CPU.ActiveCfg = Release|Any CPU
		{419B7C06-3EE9-4983-A480-097DEA3D201A}.Release|Any CPU.Build.0 = Release|Any CPU
		{1311AFDD-08B5-4315-BF70-886D29F581EA}.Debug|Any CPU.ActiveCfg = Debug|Any CPU
		{1311AFDD-08B5-4315-BF70-886D29F581EA}.Debug|Any CPU.Build.0 = Debug|Any CPU
		{1311AFDD-08B5-4315-BF70-886D29F581EA}.Release|Any CPU.ActiveCfg = Release|Any CPU
		{1311AFDD-08B5-4315-BF70-886D29F581EA}.Release|Any CPU.Build.0 = Release|Any CPU
		{D7A0FDD0-C99C-4990-BD6F-FE6A627F98D9}.Debug|Any CPU.ActiveCfg = Debug|Any CPU
		{D7A0FDD0-C99C-4990-BD6F-FE6A627F98D9}.Debug|Any CPU.Build.0 = Debug|Any CPU
		{D7A0FDD0-C99C-4990-BD6F-FE6A627F98D9}.Release|Any CPU.ActiveCfg = Release|Any CPU
		{D7A0FDD0-C99C-4990-BD6F-FE6A627F98D9}.Release|Any CPU.Build.0 = Release|Any CPU
		{037454E7-FF68-4B6B-98FE-DE1C1C0968CB}.Debug|Any CPU.ActiveCfg = Debug|Any CPU
		{037454E7-FF68-4B6B-98FE-DE1C1C0968CB}.Debug|Any CPU.Build.0 = Debug|Any CPU
		{037454E7-FF68-4B6B-98FE-DE1C1C0968CB}.Release|Any CPU.ActiveCfg = Release|Any CPU
		{037454E7-FF68-4B6B-98FE-DE1C1C0968CB}.Release|Any CPU.Build.0 = Release|Any CPU
		{67B0616E-103A-40F3-B679-B812BA845B28}.Debug|Any CPU.ActiveCfg = Debug|Any CPU
		{67B0616E-103A-40F3-B679-B812BA845B28}.Debug|Any CPU.Build.0 = Debug|Any CPU
		{67B0616E-103A-40F3-B679-B812BA845B28}.Release|Any CPU.ActiveCfg = Release|Any CPU
		{67B0616E-103A-40F3-B679-B812BA845B28}.Release|Any CPU.Build.0 = Release|Any CPU
		{B9A15350-DF7C-4821-885F-25BA2FE7332B}.Debug|Any CPU.ActiveCfg = Debug|Any CPU
		{B9A15350-DF7C-4821-885F-25BA2FE7332B}.Debug|Any CPU.Build.0 = Debug|Any CPU
		{B9A15350-DF7C-4821-885F-25BA2FE7332B}.Release|Any CPU.ActiveCfg = Release|Any CPU
		{B9A15350-DF7C-4821-885F-25BA2FE7332B}.Release|Any CPU.Build.0 = Release|Any CPU
		{E7063E38-73C8-446C-ACE6-0DB7EAC820CA}.Debug|Any CPU.ActiveCfg = Debug|Any CPU
		{E7063E38-73C8-446C-ACE6-0DB7EAC820CA}.Debug|Any CPU.Build.0 = Debug|Any CPU
		{E7063E38-73C8-446C-ACE6-0DB7EAC820CA}.Release|Any CPU.ActiveCfg = Release|Any CPU
		{E7063E38-73C8-446C-ACE6-0DB7EAC820CA}.Release|Any CPU.Build.0 = Release|Any CPU
		{E95CE963-EE10-4F0A-8BFF-9648293C1C78}.Debug|Any CPU.ActiveCfg = Debug|Any CPU
		{E95CE963-EE10-4F0A-8BFF-9648293C1C78}.Debug|Any CPU.Build.0 = Debug|Any CPU
		{E95CE963-EE10-4F0A-8BFF-9648293C1C78}.Release|Any CPU.ActiveCfg = Release|Any CPU
		{E95CE963-EE10-4F0A-8BFF-9648293C1C78}.Release|Any CPU.Build.0 = Release|Any CPU
		{1239476E-F1BA-456A-9B56-7EA011226B16}.Debug|Any CPU.ActiveCfg = Debug|Any CPU
		{1239476E-F1BA-456A-9B56-7EA011226B16}.Debug|Any CPU.Build.0 = Debug|Any CPU
		{1239476E-F1BA-456A-9B56-7EA011226B16}.Release|Any CPU.ActiveCfg = Release|Any CPU
		{1239476E-F1BA-456A-9B56-7EA011226B16}.Release|Any CPU.Build.0 = Release|Any CPU
		{A8636FE1-A749-4BEF-BB93-62FF4683E68A}.Debug|Any CPU.ActiveCfg = Debug|Any CPU
		{A8636FE1-A749-4BEF-BB93-62FF4683E68A}.Debug|Any CPU.Build.0 = Debug|Any CPU
		{A8636FE1-A749-4BEF-BB93-62FF4683E68A}.Release|Any CPU.ActiveCfg = Release|Any CPU
		{A8636FE1-A749-4BEF-BB93-62FF4683E68A}.Release|Any CPU.Build.0 = Release|Any CPU
		{4EA364D8-750F-4911-BE9A-20B7D31D3D06}.Debug|Any CPU.ActiveCfg = Debug|Any CPU
		{4EA364D8-750F-4911-BE9A-20B7D31D3D06}.Debug|Any CPU.Build.0 = Debug|Any CPU
		{4EA364D8-750F-4911-BE9A-20B7D31D3D06}.Release|Any CPU.ActiveCfg = Release|Any CPU
		{4EA364D8-750F-4911-BE9A-20B7D31D3D06}.Release|Any CPU.Build.0 = Release|Any CPU
		{25EE5E83-A0E1-40E0-8AA7-41A3A9F881E6}.Debug|Any CPU.ActiveCfg = Debug|Any CPU
		{25EE5E83-A0E1-40E0-8AA7-41A3A9F881E6}.Debug|Any CPU.Build.0 = Debug|Any CPU
		{25EE5E83-A0E1-40E0-8AA7-41A3A9F881E6}.Release|Any CPU.ActiveCfg = Release|Any CPU
		{25EE5E83-A0E1-40E0-8AA7-41A3A9F881E6}.Release|Any CPU.Build.0 = Release|Any CPU
		{B3B3DAE5-919D-4F8C-B376-461BA577FE7A}.Debug|Any CPU.ActiveCfg = Debug|Any CPU
		{B3B3DAE5-919D-4F8C-B376-461BA577FE7A}.Debug|Any CPU.Build.0 = Debug|Any CPU
		{B3B3DAE5-919D-4F8C-B376-461BA577FE7A}.Release|Any CPU.ActiveCfg = Release|Any CPU
		{B3B3DAE5-919D-4F8C-B376-461BA577FE7A}.Release|Any CPU.Build.0 = Release|Any CPU
		{60AE795A-32EA-45F6-8EAB-2F0A3AE79DEF}.Debug|Any CPU.ActiveCfg = Debug|Any CPU
		{60AE795A-32EA-45F6-8EAB-2F0A3AE79DEF}.Debug|Any CPU.Build.0 = Debug|Any CPU
		{60AE795A-32EA-45F6-8EAB-2F0A3AE79DEF}.Release|Any CPU.ActiveCfg = Release|Any CPU
		{60AE795A-32EA-45F6-8EAB-2F0A3AE79DEF}.Release|Any CPU.Build.0 = Release|Any CPU
		{CC37C11D-4035-4F8E-9A86-DDE1E33B7A73}.Debug|Any CPU.ActiveCfg = Debug|Any CPU
		{CC37C11D-4035-4F8E-9A86-DDE1E33B7A73}.Debug|Any CPU.Build.0 = Debug|Any CPU
		{CC37C11D-4035-4F8E-9A86-DDE1E33B7A73}.Release|Any CPU.ActiveCfg = Release|Any CPU
		{CC37C11D-4035-4F8E-9A86-DDE1E33B7A73}.Release|Any CPU.Build.0 = Release|Any CPU
		{E20F034A-2D37-49A0-A66B-12C7219F83C2}.Debug|Any CPU.ActiveCfg = Debug|Any CPU
		{E20F034A-2D37-49A0-A66B-12C7219F83C2}.Debug|Any CPU.Build.0 = Debug|Any CPU
		{E20F034A-2D37-49A0-A66B-12C7219F83C2}.Release|Any CPU.ActiveCfg = Release|Any CPU
		{E20F034A-2D37-49A0-A66B-12C7219F83C2}.Release|Any CPU.Build.0 = Release|Any CPU
		{2A93D865-A4F0-420E-9E7F-50FA87D3D12A}.Debug|Any CPU.ActiveCfg = Debug|Any CPU
		{2A93D865-A4F0-420E-9E7F-50FA87D3D12A}.Debug|Any CPU.Build.0 = Debug|Any CPU
		{2A93D865-A4F0-420E-9E7F-50FA87D3D12A}.Release|Any CPU.ActiveCfg = Release|Any CPU
		{2A93D865-A4F0-420E-9E7F-50FA87D3D12A}.Release|Any CPU.Build.0 = Release|Any CPU
		{3016ED74-CA7A-4B2C-89B2-CFE5A052A871}.Debug|Any CPU.ActiveCfg = Debug|Any CPU
		{3016ED74-CA7A-4B2C-89B2-CFE5A052A871}.Debug|Any CPU.Build.0 = Debug|Any CPU
		{3016ED74-CA7A-4B2C-89B2-CFE5A052A871}.Release|Any CPU.ActiveCfg = Release|Any CPU
		{3016ED74-CA7A-4B2C-89B2-CFE5A052A871}.Release|Any CPU.Build.0 = Release|Any CPU
		{2EA35493-F619-4DA7-B076-3718F7818FB4}.Debug|Any CPU.ActiveCfg = Debug|Any CPU
		{2EA35493-F619-4DA7-B076-3718F7818FB4}.Debug|Any CPU.Build.0 = Debug|Any CPU
		{2EA35493-F619-4DA7-B076-3718F7818FB4}.Release|Any CPU.ActiveCfg = Release|Any CPU
		{2EA35493-F619-4DA7-B076-3718F7818FB4}.Release|Any CPU.Build.0 = Release|Any CPU
		{CF7BEBA2-8765-4353-A7E5-7F9B32E21F61}.Debug|Any CPU.ActiveCfg = Debug|Any CPU
		{CF7BEBA2-8765-4353-A7E5-7F9B32E21F61}.Debug|Any CPU.Build.0 = Debug|Any CPU
		{CF7BEBA2-8765-4353-A7E5-7F9B32E21F61}.Release|Any CPU.ActiveCfg = Release|Any CPU
		{CF7BEBA2-8765-4353-A7E5-7F9B32E21F61}.Release|Any CPU.Build.0 = Release|Any CPU
		{F6EF76C5-A874-4C50-AE0E-CA1455C2F4DE}.Debug|Any CPU.ActiveCfg = Debug|Any CPU
		{F6EF76C5-A874-4C50-AE0E-CA1455C2F4DE}.Debug|Any CPU.Build.0 = Debug|Any CPU
		{F6EF76C5-A874-4C50-AE0E-CA1455C2F4DE}.Release|Any CPU.ActiveCfg = Release|Any CPU
		{F6EF76C5-A874-4C50-AE0E-CA1455C2F4DE}.Release|Any CPU.Build.0 = Release|Any CPU
		{C894BA30-EE48-4AC0-B026-842A18796D89}.Debug|Any CPU.ActiveCfg = Debug|Any CPU
		{C894BA30-EE48-4AC0-B026-842A18796D89}.Debug|Any CPU.Build.0 = Debug|Any CPU
		{C894BA30-EE48-4AC0-B026-842A18796D89}.Release|Any CPU.ActiveCfg = Release|Any CPU
		{C894BA30-EE48-4AC0-B026-842A18796D89}.Release|Any CPU.Build.0 = Release|Any CPU
		{DF2422DC-128E-48ED-A710-019EF301F583}.Debug|Any CPU.ActiveCfg = Debug|Any CPU
		{DF2422DC-128E-48ED-A710-019EF301F583}.Debug|Any CPU.Build.0 = Debug|Any CPU
		{DF2422DC-128E-48ED-A710-019EF301F583}.Release|Any CPU.ActiveCfg = Release|Any CPU
		{DF2422DC-128E-48ED-A710-019EF301F583}.Release|Any CPU.Build.0 = Release|Any CPU
		{9CA75972-9767-4882-9871-61C91917AD8D}.Debug|Any CPU.ActiveCfg = Debug|Any CPU
		{9CA75972-9767-4882-9871-61C91917AD8D}.Debug|Any CPU.Build.0 = Debug|Any CPU
		{9CA75972-9767-4882-9871-61C91917AD8D}.Release|Any CPU.ActiveCfg = Release|Any CPU
		{9CA75972-9767-4882-9871-61C91917AD8D}.Release|Any CPU.Build.0 = Release|Any CPU
		{68A89202-D9C1-45BB-9089-3F90C43DBC31}.Debug|Any CPU.ActiveCfg = Debug|Any CPU
		{68A89202-D9C1-45BB-9089-3F90C43DBC31}.Debug|Any CPU.Build.0 = Debug|Any CPU
		{68A89202-D9C1-45BB-9089-3F90C43DBC31}.Release|Any CPU.ActiveCfg = Release|Any CPU
		{68A89202-D9C1-45BB-9089-3F90C43DBC31}.Release|Any CPU.Build.0 = Release|Any CPU
	EndGlobalSection
EndGlobal
